
Microsoft Visual Studio Solution File, Format Version 12.00
# Visual Studio Version 16
VisualStudioVersion = 16.0.29318.209
MinimumVisualStudioVersion = 10.0.40219.1
Project("{FAE04EC0-301F-11D3-BF4B-00C04F79EFBC}") = "Exercicio_Fixação_Matriz", "Exercicio_Fixação_Matriz\Exercicio_Fixação_Matriz.csproj", "{86C2D05B-BB35-4B9B-8902-0F6C35A854D0}"
EndProject
Global
	GlobalSection(SolutionConfigurationPlatforms) = preSolution
		Debug|Any CPU = Debug|Any CPU
		Release|Any CPU = Release|Any CPU
	EndGlobalSection
	GlobalSection(ProjectConfigurationPlatforms) = postSolution
		{86C2D05B-BB35-4B9B-8902-0F6C35A854D0}.Debug|Any CPU.ActiveCfg = Debug|Any CPU
		{86C2D05B-BB35-4B9B-8902-0F6C35A854D0}.Debug|Any CPU.Build.0 = Debug|Any CPU
		{86C2D05B-BB35-4B9B-8902-0F6C35A854D0}.Release|Any CPU.ActiveCfg = Release|Any CPU
		{86C2D05B-BB35-4B9B-8902-0F6C35A854D0}.Release|Any CPU.Build.0 = Release|Any CPU
	EndGlobalSection
	GlobalSection(SolutionProperties) = preSolution
		HideSolutionNode = FALSE
	EndGlobalSection
	GlobalSection(ExtensibilityGlobals) = postSolution
		SolutionGuid = {863236DF-5413-4231-83D4-0062B65D6DDD}
	EndGlobalSection
EndGlobal
